// !$*UTF8*$!
{
	archiveVersion = 1;
	classes = {
	};
	objectVersion = 50;
	objects = {

/* Begin PBXBuildFile section */
		CD0024AA2336B06C00B78D62 /* ActivityView.swift in Sources */ = {isa = PBXBuildFile; fileRef = CD0024A92336B06C00B78D62 /* ActivityView.swift */; };
		CD0024CC2336BCB100B78D62 /* NoticeView.swift in Sources */ = {isa = PBXBuildFile; fileRef = CD0024CB2336BCB100B78D62 /* NoticeView.swift */; };
		CD304B152337A44C00B12364 /* ContentViewModel.swift in Sources */ = {isa = PBXBuildFile; fileRef = CD304B142337A44C00B12364 /* ContentViewModel.swift */; };
		CD4B104B2336C1B1007E9DCF /* PlayerControlView.swift in Sources */ = {isa = PBXBuildFile; fileRef = CD4B104A2336C1B1007E9DCF /* PlayerControlView.swift */; };
		CD4B104D2336C3C8007E9DCF /* BlurView.swift in Sources */ = {isa = PBXBuildFile; fileRef = CD4B104C2336C3C8007E9DCF /* BlurView.swift */; };
		CD6C74662336537400B6225D /* MediaItem.swift in Sources */ = {isa = PBXBuildFile; fileRef = CD6C74652336537400B6225D /* MediaItem.swift */; };
		CD6C7468233653CA00B6225D /* MusicPlayerController.swift in Sources */ = {isa = PBXBuildFile; fileRef = CD6C7467233653CA00B6225D /* MusicPlayerController.swift */; };
		CD6C746A233674A800B6225D /* NowPlayingItemView.swift in Sources */ = {isa = PBXBuildFile; fileRef = CD6C7469233674A800B6225D /* NowPlayingItemView.swift */; };
		CDD45377233642AA001F28F6 /* AppDelegate.swift in Sources */ = {isa = PBXBuildFile; fileRef = CDD45376233642AA001F28F6 /* AppDelegate.swift */; };
		CDD45379233642AA001F28F6 /* SceneDelegate.swift in Sources */ = {isa = PBXBuildFile; fileRef = CDD45378233642AA001F28F6 /* SceneDelegate.swift */; };
		CDD4537B233642AA001F28F6 /* ContentView.swift in Sources */ = {isa = PBXBuildFile; fileRef = CDD4537A233642AA001F28F6 /* ContentView.swift */; };
		CDD4537D233642AC001F28F6 /* Assets.xcassets in Resources */ = {isa = PBXBuildFile; fileRef = CDD4537C233642AC001F28F6 /* Assets.xcassets */; };
		CDD45380233642AC001F28F6 /* Preview Assets.xcassets in Resources */ = {isa = PBXBuildFile; fileRef = CDD4537F233642AC001F28F6 /* Preview Assets.xcassets */; };
		CDD45383233642AC001F28F6 /* LaunchScreen.storyboard in Resources */ = {isa = PBXBuildFile; fileRef = CDD45381233642AC001F28F6 /* LaunchScreen.storyboard */; };
		CDD4538B233644BB001F28F6 /* PermissionView.swift in Sources */ = {isa = PBXBuildFile; fileRef = CDD4538A233644BB001F28F6 /* PermissionView.swift */; };
/* End PBXBuildFile section */

/* Begin PBXFileReference section */
		CD0024A92336B06C00B78D62 /* ActivityView.swift */ = {isa = PBXFileReference; lastKnownFileType = sourcecode.swift; path = ActivityView.swift; sourceTree = "<group>"; };
		CD0024CB2336BCB100B78D62 /* NoticeView.swift */ = {isa = PBXFileReference; lastKnownFileType = sourcecode.swift; path = NoticeView.swift; sourceTree = "<group>"; };
		CD304B142337A44C00B12364 /* ContentViewModel.swift */ = {isa = PBXFileReference; lastKnownFileType = sourcecode.swift; path = ContentViewModel.swift; sourceTree = "<group>"; };
		CD4B104A2336C1B1007E9DCF /* PlayerControlView.swift */ = {isa = PBXFileReference; lastKnownFileType = sourcecode.swift; path = PlayerControlView.swift; sourceTree = "<group>"; };
		CD4B104C2336C3C8007E9DCF /* BlurView.swift */ = {isa = PBXFileReference; lastKnownFileType = sourcecode.swift; path = BlurView.swift; sourceTree = "<group>"; };
		CD6C74652336537400B6225D /* MediaItem.swift */ = {isa = PBXFileReference; lastKnownFileType = sourcecode.swift; path = MediaItem.swift; sourceTree = "<group>"; };
		CD6C7467233653CA00B6225D /* MusicPlayerController.swift */ = {isa = PBXFileReference; lastKnownFileType = sourcecode.swift; path = MusicPlayerController.swift; sourceTree = "<group>"; };
		CD6C7469233674A800B6225D /* NowPlayingItemView.swift */ = {isa = PBXFileReference; lastKnownFileType = sourcecode.swift; path = NowPlayingItemView.swift; sourceTree = "<group>"; };
		CDD45373233642AA001F28F6 /* NowPlaying.app */ = {isa = PBXFileReference; explicitFileType = wrapper.application; includeInIndex = 0; path = NowPlaying.app; sourceTree = BUILT_PRODUCTS_DIR; };
		CDD45376233642AA001F28F6 /* AppDelegate.swift */ = {isa = PBXFileReference; lastKnownFileType = sourcecode.swift; path = AppDelegate.swift; sourceTree = "<group>"; };
		CDD45378233642AA001F28F6 /* SceneDelegate.swift */ = {isa = PBXFileReference; lastKnownFileType = sourcecode.swift; path = SceneDelegate.swift; sourceTree = "<group>"; };
		CDD4537A233642AA001F28F6 /* ContentView.swift */ = {isa = PBXFileReference; lastKnownFileType = sourcecode.swift; path = ContentView.swift; sourceTree = "<group>"; };
		CDD4537C233642AC001F28F6 /* Assets.xcassets */ = {isa = PBXFileReference; lastKnownFileType = folder.assetcatalog; path = Assets.xcassets; sourceTree = "<group>"; };
		CDD4537F233642AC001F28F6 /* Preview Assets.xcassets */ = {isa = PBXFileReference; lastKnownFileType = folder.assetcatalog; path = "Preview Assets.xcassets"; sourceTree = "<group>"; };
		CDD45382233642AC001F28F6 /* Base */ = {isa = PBXFileReference; lastKnownFileType = file.storyboard; name = Base; path = Base.lproj/LaunchScreen.storyboard; sourceTree = "<group>"; };
		CDD45384233642AC001F28F6 /* Info.plist */ = {isa = PBXFileReference; lastKnownFileType = text.plist.xml; path = Info.plist; sourceTree = "<group>"; };
		CDD4538A233644BB001F28F6 /* PermissionView.swift */ = {isa = PBXFileReference; lastKnownFileType = sourcecode.swift; path = PermissionView.swift; sourceTree = "<group>"; };
/* End PBXFileReference section */

/* Begin PBXFrameworksBuildPhase section */
		CDD45370233642AA001F28F6 /* Frameworks */ = {
			isa = PBXFrameworksBuildPhase;
			buildActionMask = 2147483647;
			files = (
			);
			runOnlyForDeploymentPostprocessing = 0;
		};
/* End PBXFrameworksBuildPhase section */

/* Begin PBXGroup section */
		CD6C74642336536700B6225D /* Model */ = {
			isa = PBXGroup;
			children = (
				CD6C74652336537400B6225D /* MediaItem.swift */,
				CD6C7467233653CA00B6225D /* MusicPlayerController.swift */,
			);
			path = Model;
			sourceTree = "<group>";
		};
		CDD4536A233642AA001F28F6 = {
			isa = PBXGroup;
			children = (
				CDD45375233642AA001F28F6 /* NowPlaying */,
				CDD45374233642AA001F28F6 /* Products */,
			);
			sourceTree = "<group>";
		};
		CDD45374233642AA001F28F6 /* Products */ = {
			isa = PBXGroup;
			children = (
				CDD45373233642AA001F28F6 /* NowPlaying.app */,
			);
			name = Products;
			sourceTree = "<group>";
		};
		CDD45375233642AA001F28F6 /* NowPlaying */ = {
			isa = PBXGroup;
			children = (
				CD6C74642336536700B6225D /* Model */,
				CDD4538D23364829001F28F6 /* ViewModels */,
				CDD4538C23364825001F28F6 /* Views */,
				CDD45376233642AA001F28F6 /* AppDelegate.swift */,
				CDD45378233642AA001F28F6 /* SceneDelegate.swift */,
				CDD4537C233642AC001F28F6 /* Assets.xcassets */,
				CDD45381233642AC001F28F6 /* LaunchScreen.storyboard */,
				CDD45384233642AC001F28F6 /* Info.plist */,
				CDD4537E233642AC001F28F6 /* Preview Content */,
			);
			path = NowPlaying;
			sourceTree = "<group>";
		};
		CDD4537E233642AC001F28F6 /* Preview Content */ = {
			isa = PBXGroup;
			children = (
				CDD4537F233642AC001F28F6 /* Preview Assets.xcassets */,
			);
			path = "Preview Content";
			sourceTree = "<group>";
		};
		CDD4538C23364825001F28F6 /* Views */ = {
			isa = PBXGroup;
			children = (
				CDD4537A233642AA001F28F6 /* ContentView.swift */,
				CDD4538A233644BB001F28F6 /* PermissionView.swift */,
				CD6C7469233674A800B6225D /* NowPlayingItemView.swift */,
				CD0024A92336B06C00B78D62 /* ActivityView.swift */,
				CD0024CB2336BCB100B78D62 /* NoticeView.swift */,
				CD4B104A2336C1B1007E9DCF /* PlayerControlView.swift */,
				CD4B104C2336C3C8007E9DCF /* BlurView.swift */,
			);
			path = Views;
			sourceTree = "<group>";
		};
		CDD4538D23364829001F28F6 /* ViewModels */ = {
			isa = PBXGroup;
			children = (
				CD304B142337A44C00B12364 /* ContentViewModel.swift */,
			);
			path = ViewModels;
			sourceTree = "<group>";
		};
/* End PBXGroup section */

/* Begin PBXNativeTarget section */
		CDD45372233642AA001F28F6 /* NowPlaying */ = {
			isa = PBXNativeTarget;
			buildConfigurationList = CDD45387233642AC001F28F6 /* Build configuration list for PBXNativeTarget "NowPlaying" */;
			buildPhases = (
				CDD4536F233642AA001F28F6 /* Sources */,
				CDD45370233642AA001F28F6 /* Frameworks */,
				CDD45371233642AA001F28F6 /* Resources */,
			);
			buildRules = (
			);
			dependencies = (
			);
			name = NowPlaying;
			productName = NowPlaying;
			productReference = CDD45373233642AA001F28F6 /* NowPlaying.app */;
			productType = "com.apple.product-type.application";
		};
/* End PBXNativeTarget section */

/* Begin PBXProject section */
		CDD4536B233642AA001F28F6 /* Project object */ = {
			isa = PBXProject;
			attributes = {
				LastSwiftUpdateCheck = 1100;
				LastUpgradeCheck = 1100;
				ORGANIZATIONNAME = noppelab;
				TargetAttributes = {
					CDD45372233642AA001F28F6 = {
						CreatedOnToolsVersion = 11.0;
					};
				};
			};
			buildConfigurationList = CDD4536E233642AA001F28F6 /* Build configuration list for PBXProject "NowPlaying" */;
			compatibilityVersion = "Xcode 9.3";
			developmentRegion = en;
			hasScannedForEncodings = 0;
			knownRegions = (
				en,
				Base,
			);
			mainGroup = CDD4536A233642AA001F28F6;
			productRefGroup = CDD45374233642AA001F28F6 /* Products */;
			projectDirPath = "";
			projectRoot = "";
			targets = (
				CDD45372233642AA001F28F6 /* NowPlaying */,
			);
		};
/* End PBXProject section */

/* Begin PBXResourcesBuildPhase section */
		CDD45371233642AA001F28F6 /* Resources */ = {
			isa = PBXResourcesBuildPhase;
			buildActionMask = 2147483647;
			files = (
				CDD45383233642AC001F28F6 /* LaunchScreen.storyboard in Resources */,
				CDD45380233642AC001F28F6 /* Preview Assets.xcassets in Resources */,
				CDD4537D233642AC001F28F6 /* Assets.xcassets in Resources */,
			);
			runOnlyForDeploymentPostprocessing = 0;
		};
/* End PBXResourcesBuildPhase section */

/* Begin PBXSourcesBuildPhase section */
		CDD4536F233642AA001F28F6 /* Sources */ = {
			isa = PBXSourcesBuildPhase;
			buildActionMask = 2147483647;
			files = (
				CDD45377233642AA001F28F6 /* AppDelegate.swift in Sources */,
				CD4B104B2336C1B1007E9DCF /* PlayerControlView.swift in Sources */,
				CDD45379233642AA001F28F6 /* SceneDelegate.swift in Sources */,
				CD6C7468233653CA00B6225D /* MusicPlayerController.swift in Sources */,
				CD4B104D2336C3C8007E9DCF /* BlurView.swift in Sources */,
				CD0024CC2336BCB100B78D62 /* NoticeView.swift in Sources */,
				CD6C74662336537400B6225D /* MediaItem.swift in Sources */,
				CD6C746A233674A800B6225D /* NowPlayingItemView.swift in Sources */,
				CD304B152337A44C00B12364 /* ContentViewModel.swift in Sources */,
				CD0024AA2336B06C00B78D62 /* ActivityView.swift in Sources */,
				CDD4537B233642AA001F28F6 /* ContentView.swift in Sources */,
				CDD4538B233644BB001F28F6 /* PermissionView.swift in Sources */,
			);
			runOnlyForDeploymentPostprocessing = 0;
		};
/* End PBXSourcesBuildPhase section */

/* Begin PBXVariantGroup section */
		CDD45381233642AC001F28F6 /* LaunchScreen.storyboard */ = {
			isa = PBXVariantGroup;
			children = (
				CDD45382233642AC001F28F6 /* Base */,
			);
			name = LaunchScreen.storyboard;
			sourceTree = "<group>";
		};
/* End PBXVariantGroup section */

/* Begin XCBuildConfiguration section */
		CDD45385233642AC001F28F6 /* Debug */ = {
			isa = XCBuildConfiguration;
			buildSettings = {
				ALWAYS_SEARCH_USER_PATHS = NO;
				CLANG_ANALYZER_NONNULL = YES;
				CLANG_ANALYZER_NUMBER_OBJECT_CONVERSION = YES_AGGRESSIVE;
				CLANG_CXX_LANGUAGE_STANDARD = "gnu++14";
				CLANG_CXX_LIBRARY = "libc++";
				CLANG_ENABLE_MODULES = YES;
				CLANG_ENABLE_OBJC_ARC = YES;
				CLANG_ENABLE_OBJC_WEAK = YES;
				CLANG_WARN_BLOCK_CAPTURE_AUTORELEASING = YES;
				CLANG_WARN_BOOL_CONVERSION = YES;
				CLANG_WARN_COMMA = YES;
				CLANG_WARN_CONSTANT_CONVERSION = YES;
				CLANG_WARN_DEPRECATED_OBJC_IMPLEMENTATIONS = YES;
				CLANG_WARN_DIRECT_OBJC_ISA_USAGE = YES_ERROR;
				CLANG_WARN_DOCUMENTATION_COMMENTS = YES;
				CLANG_WARN_EMPTY_BODY = YES;
				CLANG_WARN_ENUM_CONVERSION = YES;
				CLANG_WARN_INFINITE_RECURSION = YES;
				CLANG_WARN_INT_CONVERSION = YES;
				CLANG_WARN_NON_LITERAL_NULL_CONVERSION = YES;
				CLANG_WARN_OBJC_IMPLICIT_RETAIN_SELF = YES;
				CLANG_WARN_OBJC_LITERAL_CONVERSION = YES;
				CLANG_WARN_OBJC_ROOT_CLASS = YES_ERROR;
				CLANG_WARN_RANGE_LOOP_ANALYSIS = YES;
				CLANG_WARN_STRICT_PROTOTYPES = YES;
				CLANG_WARN_SUSPICIOUS_MOVE = YES;
				CLANG_WARN_UNGUARDED_AVAILABILITY = YES_AGGRESSIVE;
				CLANG_WARN_UNREACHABLE_CODE = YES;
				CLANG_WARN__DUPLICATE_METHOD_MATCH = YES;
				COPY_PHASE_STRIP = NO;
				DEBUG_INFORMATION_FORMAT = dwarf;
				ENABLE_STRICT_OBJC_MSGSEND = YES;
				ENABLE_TESTABILITY = YES;
				GCC_C_LANGUAGE_STANDARD = gnu11;
				GCC_DYNAMIC_NO_PIC = NO;
				GCC_NO_COMMON_BLOCKS = YES;
				GCC_OPTIMIZATION_LEVEL = 0;
				GCC_PREPROCESSOR_DEFINITIONS = (
					"DEBUG=1",
					"$(inherited)",
				);
				GCC_WARN_64_TO_32_BIT_CONVERSION = YES;
				GCC_WARN_ABOUT_RETURN_TYPE = YES_ERROR;
				GCC_WARN_UNDECLARED_SELECTOR = YES;
				GCC_WARN_UNINITIALIZED_AUTOS = YES_AGGRESSIVE;
				GCC_WARN_UNUSED_FUNCTION = YES;
				GCC_WARN_UNUSED_VARIABLE = YES;
				IPHONEOS_DEPLOYMENT_TARGET = 13.0;
				MTL_ENABLE_DEBUG_INFO = INCLUDE_SOURCE;
				MTL_FAST_MATH = YES;
				ONLY_ACTIVE_ARCH = YES;
				SDKROOT = iphoneos;
				SWIFT_ACTIVE_COMPILATION_CONDITIONS = DEBUG;
				SWIFT_OPTIMIZATION_LEVEL = "-Onone";
			};
			name = Debug;
		};
		CDD45386233642AC001F28F6 /* Release */ = {
			isa = XCBuildConfiguration;
			buildSettings = {
				ALWAYS_SEARCH_USER_PATHS = NO;
				CLANG_ANALYZER_NONNULL = YES;
				CLANG_ANALYZER_NUMBER_OBJECT_CONVERSION = YES_AGGRESSIVE;
				CLANG_CXX_LANGUAGE_STANDARD = "gnu++14";
				CLANG_CXX_LIBRARY = "libc++";
				CLANG_ENABLE_MODULES = YES;
				CLANG_ENABLE_OBJC_ARC = YES;
				CLANG_ENABLE_OBJC_WEAK = YES;
				CLANG_WARN_BLOCK_CAPTURE_AUTORELEASING = YES;
				CLANG_WARN_BOOL_CONVERSION = YES;
				CLANG_WARN_COMMA = YES;
				CLANG_WARN_CONSTANT_CONVERSION = YES;
				CLANG_WARN_DEPRECATED_OBJC_IMPLEMENTATIONS = YES;
				CLANG_WARN_DIRECT_OBJC_ISA_USAGE = YES_ERROR;
				CLANG_WARN_DOCUMENTATION_COMMENTS = YES;
				CLANG_WARN_EMPTY_BODY = YES;
				CLANG_WARN_ENUM_CONVERSION = YES;
				CLANG_WARN_INFINITE_RECURSION = YES;
				CLANG_WARN_INT_CONVERSION = YES;
				CLANG_WARN_NON_LITERAL_NULL_CONVERSION = YES;
				CLANG_WARN_OBJC_IMPLICIT_RETAIN_SELF = YES;
				CLANG_WARN_OBJC_LITERAL_CONVERSION = YES;
				CLANG_WARN_OBJC_ROOT_CLASS = YES_ERROR;
				CLANG_WARN_RANGE_LOOP_ANALYSIS = YES;
				CLANG_WARN_STRICT_PROTOTYPES = YES;
				CLANG_WARN_SUSPICIOUS_MOVE = YES;
				CLANG_WARN_UNGUARDED_AVAILABILITY = YES_AGGRESSIVE;
				CLANG_WARN_UNREACHABLE_CODE = YES;
				CLANG_WARN__DUPLICATE_METHOD_MATCH = YES;
				COPY_PHASE_STRIP = NO;
				DEBUG_INFORMATION_FORMAT = "dwarf-with-dsym";
				ENABLE_NS_ASSERTIONS = NO;
				ENABLE_STRICT_OBJC_MSGSEND = YES;
				GCC_C_LANGUAGE_STANDARD = gnu11;
				GCC_NO_COMMON_BLOCKS = YES;
				GCC_WARN_64_TO_32_BIT_CONVERSION = YES;
				GCC_WARN_ABOUT_RETURN_TYPE = YES_ERROR;
				GCC_WARN_UNDECLARED_SELECTOR = YES;
				GCC_WARN_UNINITIALIZED_AUTOS = YES_AGGRESSIVE;
				GCC_WARN_UNUSED_FUNCTION = YES;
				GCC_WARN_UNUSED_VARIABLE = YES;
				IPHONEOS_DEPLOYMENT_TARGET = 13.0;
				MTL_ENABLE_DEBUG_INFO = NO;
				MTL_FAST_MATH = YES;
				SDKROOT = iphoneos;
				SWIFT_COMPILATION_MODE = wholemodule;
				SWIFT_OPTIMIZATION_LEVEL = "-O";
				VALIDATE_PRODUCT = YES;
			};
			name = Release;
		};
		CDD45388233642AC001F28F6 /* Debug */ = {
			isa = XCBuildConfiguration;
			buildSettings = {
				ASSETCATALOG_COMPILER_APPICON_NAME = AppIcon;
				CODE_SIGN_STYLE = Automatic;
				DEVELOPMENT_ASSET_PATHS = "\"NowPlaying/Preview Content\"";
				DEVELOPMENT_TEAM = FBQ6Z8AF3U;
				ENABLE_PREVIEWS = YES;
				INFOPLIST_FILE = NowPlaying/Info.plist;
				LD_RUNPATH_SEARCH_PATHS = (
					"$(inherited)",
					"@executable_path/Frameworks",
				);
				PRODUCT_BUNDLE_IDENTIFIER = com.noppelab.NowPlaying;
				PRODUCT_NAME = "$(TARGET_NAME)";
				SWIFT_VERSION = 5.0;
				TARGETED_DEVICE_FAMILY = 1;
			};
			name = Debug;
		};
		CDD45389233642AC001F28F6 /* Release */ = {
			isa = XCBuildConfiguration;
			buildSettings = {
				ASSETCATALOG_COMPILER_APPICON_NAME = AppIcon;
				CODE_SIGN_STYLE = Automatic;
				DEVELOPMENT_ASSET_PATHS = "\"NowPlaying/Preview Content\"";
				DEVELOPMENT_TEAM = FBQ6Z8AF3U;
				ENABLE_PREVIEWS = YES;
				INFOPLIST_FILE = NowPlaying/Info.plist;
				LD_RUNPATH_SEARCH_PATHS = (
					"$(inherited)",
					"@executable_path/Frameworks",
				);
				PRODUCT_BUNDLE_IDENTIFIER = com.noppelab.NowPlaying;
				PRODUCT_NAME = "$(TARGET_NAME)";
				SWIFT_VERSION = 5.0;
				TARGETED_DEVICE_FAMILY = 1;
			};
			name = Release;
		};
/* End XCBuildConfiguration section */

/* Begin XCConfigurationList section */
		CDD4536E233642AA001F28F6 /* Build configuration list for PBXProject "NowPlaying" */ = {
			isa = XCConfigurationList;
			buildConfigurations = (
				CDD45385233642AC001F28F6 /* Debug */,
				CDD45386233642AC001F28F6 /* Release */,
			);
			defaultConfigurationIsVisible = 0;
			defaultConfigurationName = Release;
		};
		CDD45387233642AC001F28F6 /* Build configuration list for PBXNativeTarget "NowPlaying" */ = {
			isa = XCConfigurationList;
			buildConfigurations = (
				CDD45388233642AC001F28F6 /* Debug */,
				CDD45389233642AC001F28F6 /* Release */,
			);
			defaultConfigurationIsVisible = 0;
			defaultConfigurationName = Release;
		};
/* End XCConfigurationList section */
	};
	rootObject = CDD4536B233642AA001F28F6 /* Project object */;
}
